
Microsoft Visual Studio Solution File, Format Version 12.00
# Visual Studio Version 17
VisualStudioVersion = 17.8.34525.116
MinimumVisualStudioVersion = 10.0.40219.1
Project("{FAE04EC0-301F-11D3-BF4B-00C04F79EFBC}") = "WindowsAppsQuery", "WindowsAppsQuery\WindowsAppsQuery.csproj", "{BC0893D9-670E-4E7D-9A99-193D941EDFEC}"
EndProject
Global
	GlobalSection(SolutionConfigurationPlatforms) = preSolution
		Debug|Any CPU = Debug|Any CPU
		Release|Any CPU = Release|Any CPU
	EndGlobalSection
	GlobalSection(ProjectConfigurationPlatforms) = postSolution
		{BC0893D9-670E-4E7D-9A99-193D941EDFEC}.Debug|Any CPU.ActiveCfg = Debug|Any CPU
		{BC0893D9-670E-4E7D-9A99-193D941EDFEC}.Debug|Any CPU.Build.0 = Debug|Any CPU
		{BC0893D9-670E-4E7D-9A99-193D941EDFEC}.Release|Any CPU.ActiveCfg = Release|Any CPU
		{BC0893D9-670E-4E7D-9A99-193D941EDFEC}.Release|Any CPU.Build.0 = Release|Any CPU
	EndGlobalSection
	GlobalSection(SolutionProperties) = preSolution
		HideSolutionNode = FALSE
	EndGlobalSection
	GlobalSection(ExtensibilityGlobals) = postSolution
		SolutionGuid = {7E23767B-1D5F-4DAA-BC35-CA11735B3C35}
	EndGlobalSection
EndGlobal
